# THIS IS AN AUTOGENERATED FILE. DO NOT EDIT THIS FILE DIRECTLY.
# yarn lockfile v1


"@types/wicg-file-system-access@^2020.9.1":
  version "2020.9.2"
  resolved "https://registry.yarnpkg.com/@types/wicg-file-system-access/-/wicg-file-system-access-2020.9.2.tgz#6433e5a1d7cfdc58558e15f69276e4f0034088c6"
  integrity sha512-8ni2EyWi01DBuVqekudo2I+RTfq4Jq93iHmlzq0+eKPkG1uebQA9OUxIDRzOevvw9wF922XYRo4bqP0a6DBF5g==

asyncify-wasm@^1.1.1:
  version "1.2.1"
  resolved "https://registry.yarnpkg.com/asyncify-wasm/-/asyncify-wasm-1.2.1.tgz#a15c0480e858619a4f971e44e6fc05c49015d9e8"
  integrity sha512-ZS7tZ8H8EVbUxAZnkKHvMt9UkYoALue2jwrVl7cnLByjq+1MRrbq7rL5TS+EHQduwkfXD/cNZNa+I0ZyLEBBRQ==

"local-echo@github:RReverser/local-echo":
  version "0.2.0"
  resolved "https://codeload.github.com/RReverser/local-echo/tar.gz/e09efbba529cfca6de38339697eaa22c49cc627b"
  dependencies:
    shell-quote "^1.6.1"

shell-quote@^1.6.1:
  version "1.7.2"
  resolved "https://registry.yarnpkg.com/shell-quote/-/shell-quote-1.7.2.tgz#67a7d02c76c9da24f99d20808fcaded0e0e04be2"
  integrity sha512-mRz/m/JVscCrkMyPqHc/bczi3OQHkLTqXHEFu0zDhK/qfv3UcOA4SVmRCLmos4bhjr9ekVQubj/R7waKapmiQg==

typescript@^4.0.3:
  version "4.4.2"
  resolved "https://registry.yarnpkg.com/typescript/-/typescript-4.4.2.tgz#6d618640d430e3569a1dfb44f7d7e600ced3ee86"
  integrity sha512-gzP+t5W4hdy4c+68bfcv0t400HVJMMd2+H9B7gae1nQlBzCqvrXX+6GL/b3GAgyTH966pzrZ70/fRjwAtZksSQ==

xterm-addon-fit@^0.4.0:
  version "0.4.0"
  resolved "https://registry.yarnpkg.com/xterm-addon-fit/-/xterm-addon-fit-0.4.0.tgz#06e0c5d0a6aaacfb009ef565efa1c81e93d90193"
  integrity sha512-p4BESuV/g2L6pZzFHpeNLLnep9mp/DkF3qrPglMiucSFtD8iJxtMufEoEJbN8LZwB4i+8PFpFvVuFrGOSpW05w==

xterm-addon-web-links@^0.4.0:
  version "0.4.0"
  resolved "https://registry.yarnpkg.com/xterm-addon-web-links/-/xterm-addon-web-links-0.4.0.tgz#265cbf8221b9b315d0a748e1323bee331cd5da03"
  integrity sha512-xv8GeiINmx0zENO9hf5k+5bnkaE8mRzF+OBAr9WeFq2eLaQSudioQSiT34M1ofKbzcdjSsKiZm19Rw3i4eXamg==

xterm@^4.9.0:
  version "4.13.0"
  resolved "https://registry.yarnpkg.com/xterm/-/xterm-4.13.0.tgz#7998de1e2ad92c4796fe45807be4f31061f3d9d1"
  integrity sha512-HVW1gdoLOTnkMaqQCr2r3mQy4fX9iSa5gWxKZ2UTYdLa4iqavv7QxJ8n1Ypse32shPVkhTYPLS6vHEFZp5ghzw==
